
Microsoft Visual Studio Solution File, Format Version 12.00
# Visual Studio 15
VisualStudioVersion = 15.0.28010.2036
MinimumVisualStudioVersion = 10.0.40219.1
Project("{FAE04EC0-301F-11D3-BF4B-00C04F79EFBC}") = "godseyte_Assignment06", "godseyte_Assignment06\godseyte_Assignment06.csproj", "{DBC137C2-7B17-47F4-B320-8E9555D2DD2D}"
EndProject
Global
	GlobalSection(SolutionConfigurationPlatforms) = preSolution
		Debug|Any CPU = Debug|Any CPU
		Release|Any CPU = Release|Any CPU
	EndGlobalSection
	GlobalSection(ProjectConfigurationPlatforms) = postSolution
		{DBC137C2-7B17-47F4-B320-8E9555D2DD2D}.Debug|Any CPU.ActiveCfg = Debug|Any CPU
		{DBC137C2-7B17-47F4-B320-8E9555D2DD2D}.Debug|Any CPU.Build.0 = Debug|Any CPU
		{DBC137C2-7B17-47F4-B320-8E9555D2DD2D}.Release|Any CPU.ActiveCfg = Release|Any CPU
		{DBC137C2-7B17-47F4-B320-8E9555D2DD2D}.Release|Any CPU.Build.0 = Release|Any CPU
	EndGlobalSection
	GlobalSection(SolutionProperties) = preSolution
		HideSolutionNode = FALSE
	EndGlobalSection
	GlobalSection(ExtensibilityGlobals) = postSolution
		SolutionGuid = {7824256A-6709-46A3-888E-932B4DB4E04C}
	EndGlobalSection
EndGlobal
